<?xml version="1.0" encoding="utf-8"?>
<Project ToolsVersion="4.0" xmlns="http://schemas.microsoft.com/developer/msbuild/2003">
  <ItemGroup>
    <Filter Include="ソース ファイル">
      <UniqueIdentifier>{4FC737F1-C7A5-4376-A066-2A32D752A2FF}</UniqueIdentifier>
      <Extensions>cpp;c;cc;cxx;def;odl;idl;hpj;bat;asm;asmx</Extensions>
    </Filter>
    <Filter Include="ヘッダー ファイル">
      <UniqueIdentifier>{93995380-89BD-4b04-88EB-625FBE52EBFB}</UniqueIdentifier>
      <Extensions>h;hpp;hxx;hm;inl;inc;xsd</Extensions>
    </Filter>
    <Filter Include="リソース ファイル">
      <UniqueIdentifier>{67DA6AB6-F800-4c08-8B7A-83BB121AAD01}</UniqueIdentifier>
      <Extensions>rc;ico;cur;bmp;dlg;rc2;rct;bin;rgs;gif;jpg;jpeg;jpe;resx;tiff;tif;png;wav;mfcribbon-ms</Extensions>
    </Filter>
    <Filter Include="基本">
      <UniqueIdentifier>{565a6689-bd45-42d5-8124-1da64244febc}</UniqueIdentifier>
    </Filter>
    <Filter Include="基本\Input">
      <UniqueIdentifier>{5fea6e48-1355-4002-a70d-1657d0830792}</UniqueIdentifier>
    </Filter>
    <Filter Include="基本\Value">
      <UniqueIdentifier>{21192f6d-e693-48f5-8332-f28c8be6b481}</UniqueIdentifier>
    </Filter>
    <Filter Include="ソース ファイル\Main">
      <UniqueIdentifier>{e4705b8b-b541-4250-a8c9-dd57d5a732dd}</UniqueIdentifier>
    </Filter>
    <Filter Include="基本\#Base">
      <UniqueIdentifier>{e7686af4-bcc8-455c-991a-89f57b077201}</UniqueIdentifier>
    </Filter>
    <Filter Include="基本\System">
      <UniqueIdentifier>{5f0dfcea-9629-4525-a7ea-2eacfa822e6e}</UniqueIdentifier>
    </Filter>
    <Filter Include="基本\Sequence">
      <UniqueIdentifier>{4a419634-b639-4d38-9c74-787ca10bca85}</UniqueIdentifier>
    </Filter>
    <Filter Include="基本\Script">
      <UniqueIdentifier>{4fceeb28-3df4-44cf-a7d1-5971740ab1d8}</UniqueIdentifier>
    </Filter>
    <Filter Include="基本\Sound">
      <UniqueIdentifier>{c89c3c69-29d5-4729-8ec9-0c507bd9b762}</UniqueIdentifier>
    </Filter>
    <Filter Include="別途コンパイル">
      <UniqueIdentifier>{3f7af8be-e8ce-4911-8da6-a0f64814eaf3}</UniqueIdentifier>
    </Filter>
    <Filter Include="別途コンパイル\luabind">
      <UniqueIdentifier>{c5dca5c6-310b-4d7f-b793-193165198251}</UniqueIdentifier>
    </Filter>
    <Filter Include="基本\File">
      <UniqueIdentifier>{e6c6b284-7d10-4536-9f86-81a3c6e6e57e}</UniqueIdentifier>
    </Filter>
    <Filter Include="基本\Debug">
      <UniqueIdentifier>{1b33f519-f46b-4345-9f4f-2a9e8402cf20}</UniqueIdentifier>
    </Filter>
  </ItemGroup>
  <ItemGroup>
    <ClCompile Include="HeaderList\Base\IB_Input.cpp">
      <Filter>基本\Input</Filter>
    </ClCompile>
    <ClCompile Include="HeaderList\Base\IB_Value.cpp">
      <Filter>基本\Value</Filter>
    </ClCompile>
    <ClCompile Include="Main.cpp">
      <Filter>ソース ファイル\Main</Filter>
    </ClCompile>
    <ClCompile Include="HeaderList\Base\IB_System.cpp">
      <Filter>基本\System</Filter>
    </ClCompile>
    <ClCompile Include="HeaderList\Base\IB_Sequence.cpp">
      <Filter>基本\Sequence</Filter>
    </ClCompile>
    <ClCompile Include="HeaderList\Base\IB_Script.cpp">
      <Filter>基本\Script</Filter>
    </ClCompile>
    <ClCompile Include="HeaderList\Base\IB_Sound.cpp">
      <Filter>基本\Sound</Filter>
    </ClCompile>
    <ClCompile Include="HeaderList\Base\IB_Debug.cpp">
      <Filter>基本\Debug</Filter>
    </ClCompile>
    <ClCompile Include="Lua\src\class.cpp">
      <Filter>別途コンパイル\luabind</Filter>
    </ClCompile>
    <ClCompile Include="Lua\src\class_info.cpp">
      <Filter>別途コンパイル\luabind</Filter>
    </ClCompile>
    <ClCompile Include="Lua\src\class_registry.cpp">
      <Filter>別途コンパイル\luabind</Filter>
    </ClCompile>
    <ClCompile Include="Lua\src\class_rep.cpp">
      <Filter>別途コンパイル\luabind</Filter>
    </ClCompile>
    <ClCompile Include="Lua\src\create_class.cpp">
      <Filter>別途コンパイル\luabind</Filter>
    </ClCompile>
    <ClCompile Include="Lua\src\error.cpp">
      <Filter>別途コンパイル\luabind</Filter>
    </ClCompile>
    <ClCompile Include="Lua\src\exception_handler.cpp">
      <Filter>別途コンパイル\luabind</Filter>
    </ClCompile>
    <ClCompile Include="Lua\src\function.cpp">
      <Filter>別途コンパイル\luabind</Filter>
    </ClCompile>
    <ClCompile Include="Lua\src\inheritance.cpp">
      <Filter>別途コンパイル\luabind</Filter>
    </ClCompile>
    <ClCompile Include="Lua\src\link_compatibility.cpp">
      <Filter>別途コンパイル\luabind</Filter>
    </ClCompile>
    <ClCompile Include="Lua\src\object_rep.cpp">
      <Filter>別途コンパイル\luabind</Filter>
    </ClCompile>
    <ClCompile Include="Lua\src\open.cpp">
      <Filter>別途コンパイル\luabind</Filter>
    </ClCompile>
    <ClCompile Include="Lua\src\pcall.cpp">
      <Filter>別途コンパイル\luabind</Filter>
    </ClCompile>
    <ClCompile Include="Lua\src\scope.cpp">
      <Filter>別途コンパイル\luabind</Filter>
    </ClCompile>
    <ClCompile Include="Lua\src\stack_content_by_name.cpp">
      <Filter>別途コンパイル\luabind</Filter>
    </ClCompile>
    <ClCompile Include="Lua\src\weak_ref.cpp">
      <Filter>別途コンパイル\luabind</Filter>
    </ClCompile>
    <ClCompile Include="Lua\src\wrapper_base.cpp">
      <Filter>別途コンパイル\luabind</Filter>
    </ClCompile>
    <ClCompile Include="HeaderList\Base\IB_File.cpp">
      <Filter>基本\File</Filter>
    </ClCompile>
  </ItemGroup>
  <ItemGroup>
    <ClInclude Include="HeaderList\Constant.h">
      <Filter>ヘッダー ファイル</Filter>
    </ClInclude>
    <ClInclude Include="HeaderList\Base\IB_Input.hpp">
      <Filter>基本\Input</Filter>
    </ClInclude>
    <ClInclude Include="HeaderList\Base\IB_Value.hpp">
      <Filter>基本\Value</Filter>
    </ClInclude>
    <ClInclude Include="HeaderList\Base\IB_BaseInclude.hpp">
      <Filter>基本\#Base</Filter>
    </ClInclude>
    <ClInclude Include="HeaderList\Base\IB_BaseTemplate.hpp">
      <Filter>基本\#Base</Filter>
    </ClInclude>
    <ClInclude Include="HeaderList\Base\IB_System.hpp">
      <Filter>基本\System</Filter>
    </ClInclude>
    <ClInclude Include="HeaderList\Base\IB_String.hpp">
      <Filter>基本\Value</Filter>
    </ClInclude>
    <ClInclude Include="HeaderList\Base\IB_Sequence.hpp">
      <Filter>基本\Sequence</Filter>
    </ClInclude>
    <ClInclude Include="HeaderList\Base\IB_Script.hpp">
      <Filter>基本\Script</Filter>
    </ClInclude>
    <ClInclude Include="HeaderList\Base\IB_Sound.hpp">
      <Filter>基本\Sound</Filter>
    </ClInclude>
    <ClInclude Include="HeaderList\Base\IB_Debug.hpp">
      <Filter>基本\Debug</Filter>
    </ClInclude>
    <ClInclude Include="HeaderList\Van\IB_Chara.hpp">
      <Filter>ヘッダー ファイル</Filter>
    </ClInclude>
    <ClInclude Include="HeaderList\Van\IB_VanInclude.hpp">
      <Filter>ヘッダー ファイル</Filter>
    </ClInclude>
    <ClInclude Include="HeaderList\Van\IB_VanTemplate.hpp">
      <Filter>ヘッダー ファイル</Filter>
    </ClInclude>
    <ClInclude Include="HeaderList\Base\IB_File.hpp">
      <Filter>基本\File</Filter>
    </ClInclude>
  </ItemGroup>
</Project>