<?xml version="1.0" encoding="utf-8"?>
<Project ToolsVersion="4.0" xmlns="http://schemas.microsoft.com/developer/msbuild/2003">
  <ItemGroup>
    <Filter Include="ソース ファイル">
      <UniqueIdentifier>{4FC737F1-C7A5-4376-A066-2A32D752A2FF}</UniqueIdentifier>
      <Extensions>cpp;c;cc;cxx;def;odl;idl;hpj;bat;asm;asmx</Extensions>
    </Filter>
    <Filter Include="ヘッダー ファイル">
      <UniqueIdentifier>{93995380-89BD-4b04-88EB-625FBE52EBFB}</UniqueIdentifier>
      <Extensions>h;hpp;hxx;hm;inl;inc;xsd</Extensions>
    </Filter>
    <Filter Include="リソース ファイル">
      <UniqueIdentifier>{67DA6AB6-F800-4c08-8B7A-83BB121AAD01}</UniqueIdentifier>
      <Extensions>rc;ico;cur;bmp;dlg;rc2;rct;bin;rgs;gif;jpg;jpeg;jpe;resx;tiff;tif;png;wav;mfcribbon-ms</Extensions>
    </Filter>
    <Filter Include="基本">
      <UniqueIdentifier>{565a6689-bd45-42d5-8124-1da64244febc}</UniqueIdentifier>
    </Filter>
    <Filter Include="基本\Input">
      <UniqueIdentifier>{5fea6e48-1355-4002-a70d-1657d0830792}</UniqueIdentifier>
    </Filter>
    <Filter Include="基本\Value">
      <UniqueIdentifier>{21192f6d-e693-48f5-8332-f28c8be6b481}</UniqueIdentifier>
    </Filter>
    <Filter Include="ソース ファイル\Main">
      <UniqueIdentifier>{e4705b8b-b541-4250-a8c9-dd57d5a732dd}</UniqueIdentifier>
    </Filter>
    <Filter Include="基本\#Base">
      <UniqueIdentifier>{e7686af4-bcc8-455c-991a-89f57b077201}</UniqueIdentifier>
    </Filter>
    <Filter Include="基本\System">
      <UniqueIdentifier>{5f0dfcea-9629-4525-a7ea-2eacfa822e6e}</UniqueIdentifier>
    </Filter>
  </ItemGroup>
  <ItemGroup>
    <ClCompile Include="Game.cpp">
      <Filter>ソース ファイル</Filter>
    </ClCompile>
    <ClCompile Include="Chara.cpp">
      <Filter>ソース ファイル</Filter>
    </ClCompile>
    <ClCompile Include="HeaderList\Base\IB_Input.cpp">
      <Filter>基本\Input</Filter>
    </ClCompile>
    <ClCompile Include="HeaderList\Base\IB_Value.cpp">
      <Filter>基本\Value</Filter>
    </ClCompile>
    <ClCompile Include="Main.cpp">
      <Filter>ソース ファイル\Main</Filter>
    </ClCompile>
    <ClCompile Include="HeaderList\Base\IB_System.cpp">
      <Filter>基本\System</Filter>
    </ClCompile>
  </ItemGroup>
  <ItemGroup>
    <ClInclude Include="HeaderList\Game.h">
      <Filter>ヘッダー ファイル</Filter>
    </ClInclude>
    <ClInclude Include="HeaderList\Chara.h">
      <Filter>ヘッダー ファイル</Filter>
    </ClInclude>
    <ClInclude Include="HeaderList\Constant.h">
      <Filter>ヘッダー ファイル</Filter>
    </ClInclude>
    <ClInclude Include="HeaderList\Base\IB_Input.hpp">
      <Filter>基本\Input</Filter>
    </ClInclude>
    <ClInclude Include="HeaderList\Base\IB_Value.hpp">
      <Filter>基本\Value</Filter>
    </ClInclude>
    <ClInclude Include="HeaderList\Base\IB_BaseInclude.hpp">
      <Filter>基本\#Base</Filter>
    </ClInclude>
    <ClInclude Include="HeaderList\Base\IB_BaseTemplate.hpp">
      <Filter>基本\#Base</Filter>
    </ClInclude>
    <ClInclude Include="HeaderList\Base\IB_System.hpp">
      <Filter>基本\System</Filter>
    </ClInclude>
    <ClInclude Include="HeaderList\Base\IB_String.hpp">
      <Filter>基本\Value</Filter>
    </ClInclude>
  </ItemGroup>
</Project>